
Microsoft Visual Studio Solution File, Format Version 12.00
# Visual Studio 15
VisualStudioVersion = 15.0.27703.2000
MinimumVisualStudioVersion = 10.0.40219.1
Project("{FAE04EC0-301F-11D3-BF4B-00C04F79EFBC}") = "GoogleAPI.Forms.Android", "GoogleAPI.Forms\GoogleAPI.Forms.Android\GoogleAPI.Forms.Android.csproj", "{BE63441E-C10E-42AA-859B-9D7E6E91D280}"
EndProject
Project("{FAE04EC0-301F-11D3-BF4B-00C04F79EFBC}") = "GoogleAPI.Forms.iOS", "GoogleAPI.Forms\GoogleAPI.Forms.iOS\GoogleAPI.Forms.iOS.csproj", "{2A87A747-8896-4C9F-8729-85CF716C18B9}"
EndProject
Project("{FAE04EC0-301F-11D3-BF4B-00C04F79EFBC}") = "GoogleAPI.Forms", "GoogleAPI.Forms\GoogleAPI.Forms\GoogleAPI.Forms.csproj", "{1A9B038A-E669-4686-B431-C469AD50170E}"
EndProject
Global
	GlobalSection(SolutionConfigurationPlatforms) = preSolution
		Ad-Hoc|Any CPU = Ad-Hoc|Any CPU
		Ad-Hoc|iPhone = Ad-Hoc|iPhone
		Ad-Hoc|iPhoneSimulator = Ad-Hoc|iPhoneSimulator
		AppStore|Any CPU = AppStore|Any CPU
		AppStore|iPhone = AppStore|iPhone
		AppStore|iPhoneSimulator = AppStore|iPhoneSimulator
		Debug|Any CPU = Debug|Any CPU
		Debug|iPhone = Debug|iPhone
		Debug|iPhoneSimulator = Debug|iPhoneSimulator
		Release|Any CPU = Release|Any CPU
		Release|iPhone = Release|iPhone
		Release|iPhoneSimulator = Release|iPhoneSimulator
	EndGlobalSection
	GlobalSection(ProjectConfigurationPlatforms) = postSolution
		{BE63441E-C10E-42AA-859B-9D7E6E91D280}.Ad-Hoc|Any CPU.ActiveCfg = Release|Any CPU
		{BE63441E-C10E-42AA-859B-9D7E6E91D280}.Ad-Hoc|Any CPU.Build.0 = Release|Any CPU
		{BE63441E-C10E-42AA-859B-9D7E6E91D280}.Ad-Hoc|Any CPU.Deploy.0 = Release|Any CPU
		{BE63441E-C10E-42AA-859B-9D7E6E91D280}.Ad-Hoc|iPhone.ActiveCfg = Release|Any CPU
		{BE63441E-C10E-42AA-859B-9D7E6E91D280}.Ad-Hoc|iPhone.Build.0 = Release|Any CPU
		{BE63441E-C10E-42AA-859B-9D7E6E91D280}.Ad-Hoc|iPhone.Deploy.0 = Release|Any CPU
		{BE63441E-C10E-42AA-859B-9D7E6E91D280}.Ad-Hoc|iPhoneSimulator.ActiveCfg = Release|Any CPU
		{BE63441E-C10E-42AA-859B-9D7E6E91D280}.Ad-Hoc|iPhoneSimulator.Build.0 = Release|Any CPU
		{BE63441E-C10E-42AA-859B-9D7E6E91D280}.Ad-Hoc|iPhoneSimulator.Deploy.0 = Release|Any CPU
		{BE63441E-C10E-42AA-859B-9D7E6E91D280}.AppStore|Any CPU.ActiveCfg = Release|Any CPU
		{BE63441E-C10E-42AA-859B-9D7E6E91D280}.AppStore|Any CPU.Build.0 = Release|Any CPU
		{BE63441E-C10E-42AA-859B-9D7E6E91D280}.AppStore|Any CPU.Deploy.0 = Release|Any CPU
		{BE63441E-C10E-42AA-859B-9D7E6E91D280}.AppStore|iPhone.ActiveCfg = Release|Any CPU
		{BE63441E-C10E-42AA-859B-9D7E6E91D280}.AppStore|iPhone.Build.0 = Release|Any CPU
		{BE63441E-C10E-42AA-859B-9D7E6E91D280}.AppStore|iPhone.Deploy.0 = Release|Any CPU
		{BE63441E-C10E-42AA-859B-9D7E6E91D280}.AppStore|iPhoneSimulator.ActiveCfg = Release|Any CPU
		{BE63441E-C10E-42AA-859B-9D7E6E91D280}.AppStore|iPhoneSimulator.Build.0 = Release|Any CPU
		{BE63441E-C10E-42AA-859B-9D7E6E91D280}.AppStore|iPhoneSimulator.Deploy.0 = Release|Any CPU
		{BE63441E-C10E-42AA-859B-9D7E6E91D280}.Debug|Any CPU.ActiveCfg = Debug|Any CPU
		{BE63441E-C10E-42AA-859B-9D7E6E91D280}.Debug|Any CPU.Build.0 = Debug|Any CPU
		{BE63441E-C10E-42AA-859B-9D7E6E91D280}.Debug|Any CPU.Deploy.0 = Debug|Any CPU
		{BE63441E-C10E-42AA-859B-9D7E6E91D280}.Debug|iPhone.ActiveCfg = Debug|Any CPU
		{BE63441E-C10E-42AA-859B-9D7E6E91D280}.Debug|iPhone.Build.0 = Debug|Any CPU
		{BE63441E-C10E-42AA-859B-9D7E6E91D280}.Debug|iPhone.Deploy.0 = Debug|Any CPU
		{BE63441E-C10E-42AA-859B-9D7E6E91D280}.Debug|iPhoneSimulator.ActiveCfg = Debug|Any CPU
		{BE63441E-C10E-42AA-859B-9D7E6E91D280}.Debug|iPhoneSimulator.Build.0 = Debug|Any CPU
		{BE63441E-C10E-42AA-859B-9D7E6E91D280}.Debug|iPhoneSimulator.Deploy.0 = Debug|Any CPU
		{BE63441E-C10E-42AA-859B-9D7E6E91D280}.Release|Any CPU.ActiveCfg = Release|Any CPU
		{BE63441E-C10E-42AA-859B-9D7E6E91D280}.Release|Any CPU.Build.0 = Release|Any CPU
		{BE63441E-C10E-42AA-859B-9D7E6E91D280}.Release|Any CPU.Deploy.0 = Release|Any CPU
		{BE63441E-C10E-42AA-859B-9D7E6E91D280}.Release|iPhone.ActiveCfg = Release|Any CPU
		{BE63441E-C10E-42AA-859B-9D7E6E91D280}.Release|iPhone.Build.0 = Release|Any CPU
		{BE63441E-C10E-42AA-859B-9D7E6E91D280}.Release|iPhone.Deploy.0 = Release|Any CPU
		{BE63441E-C10E-42AA-859B-9D7E6E91D280}.Release|iPhoneSimulator.ActiveCfg = Release|Any CPU
		{BE63441E-C10E-42AA-859B-9D7E6E91D280}.Release|iPhoneSimulator.Build.0 = Release|Any CPU
		{BE63441E-C10E-42AA-859B-9D7E6E91D280}.Release|iPhoneSimulator.Deploy.0 = Release|Any CPU
		{2A87A747-8896-4C9F-8729-85CF716C18B9}.Ad-Hoc|Any CPU.ActiveCfg = Ad-Hoc|iPhone
		{2A87A747-8896-4C9F-8729-85CF716C18B9}.Ad-Hoc|Any CPU.Build.0 = Ad-Hoc|iPhone
		{2A87A747-8896-4C9F-8729-85CF716C18B9}.Ad-Hoc|Any CPU.Deploy.0 = Ad-Hoc|iPhone
		{2A87A747-8896-4C9F-8729-85CF716C18B9}.Ad-Hoc|iPhone.ActiveCfg = Ad-Hoc|iPhone
		{2A87A747-8896-4C9F-8729-85CF716C18B9}.Ad-Hoc|iPhone.Build.0 = Ad-Hoc|iPhone
		{2A87A747-8896-4C9F-8729-85CF716C18B9}.Ad-Hoc|iPhone.Deploy.0 = Ad-Hoc|iPhone
		{2A87A747-8896-4C9F-8729-85CF716C18B9}.Ad-Hoc|iPhoneSimulator.ActiveCfg = Ad-Hoc|iPhoneSimulator
		{2A87A747-8896-4C9F-8729-85CF716C18B9}.Ad-Hoc|iPhoneSimulator.Build.0 = Ad-Hoc|iPhoneSimulator
		{2A87A747-8896-4C9F-8729-85CF716C18B9}.Ad-Hoc|iPhoneSimulator.Deploy.0 = Ad-Hoc|iPhoneSimulator
		{2A87A747-8896-4C9F-8729-85CF716C18B9}.AppStore|Any CPU.ActiveCfg = AppStore|iPhone
		{2A87A747-8896-4C9F-8729-85CF716C18B9}.AppStore|Any CPU.Build.0 = AppStore|iPhone
		{2A87A747-8896-4C9F-8729-85CF716C18B9}.AppStore|Any CPU.Deploy.0 = AppStore|iPhone
		{2A87A747-8896-4C9F-8729-85CF716C18B9}.AppStore|iPhone.ActiveCfg = AppStore|iPhone
		{2A87A747-8896-4C9F-8729-85CF716C18B9}.AppStore|iPhone.Build.0 = AppStore|iPhone
		{2A87A747-8896-4C9F-8729-85CF716C18B9}.AppStore|iPhone.Deploy.0 = AppStore|iPhone
		{2A87A747-8896-4C9F-8729-85CF716C18B9}.AppStore|iPhoneSimulator.ActiveCfg = AppStore|iPhoneSimulator
		{2A87A747-8896-4C9F-8729-85CF716C18B9}.AppStore|iPhoneSimulator.Build.0 = AppStore|iPhoneSimulator
		{2A87A747-8896-4C9F-8729-85CF716C18B9}.AppStore|iPhoneSimulator.Deploy.0 = AppStore|iPhoneSimulator
		{2A87A747-8896-4C9F-8729-85CF716C18B9}.Debug|Any CPU.ActiveCfg = Debug|iPhoneSimulator
		{2A87A747-8896-4C9F-8729-85CF716C18B9}.Debug|Any CPU.Build.0 = Debug|iPhoneSimulator
		{2A87A747-8896-4C9F-8729-85CF716C18B9}.Debug|Any CPU.Deploy.0 = Debug|iPhoneSimulator
		{2A87A747-8896-4C9F-8729-85CF716C18B9}.Debug|iPhone.ActiveCfg = Debug|iPhone
		{2A87A747-8896-4C9F-8729-85CF716C18B9}.Debug|iPhone.Build.0 = Debug|iPhone
		{2A87A747-8896-4C9F-8729-85CF716C18B9}.Debug|iPhone.Deploy.0 = Debug|iPhone
		{2A87A747-8896-4C9F-8729-85CF716C18B9}.Debug|iPhoneSimulator.ActiveCfg = Debug|iPhoneSimulator
		{2A87A747-8896-4C9F-8729-85CF716C18B9}.Debug|iPhoneSimulator.Build.0 = Debug|iPhoneSimulator
		{2A87A747-8896-4C9F-8729-85CF716C18B9}.Debug|iPhoneSimulator.Deploy.0 = Debug|iPhoneSimulator
		{2A87A747-8896-4C9F-8729-85CF716C18B9}.Release|Any CPU.ActiveCfg = Release|iPhone
		{2A87A747-8896-4C9F-8729-85CF716C18B9}.Release|Any CPU.Build.0 = Release|iPhone
		{2A87A747-8896-4C9F-8729-85CF716C18B9}.Release|Any CPU.Deploy.0 = Release|iPhone
		{2A87A747-8896-4C9F-8729-85CF716C18B9}.Release|iPhone.ActiveCfg = Release|iPhone
		{2A87A747-8896-4C9F-8729-85CF716C18B9}.Release|iPhone.Build.0 = Release|iPhone
		{2A87A747-8896-4C9F-8729-85CF716C18B9}.Release|iPhone.Deploy.0 = Release|iPhone
		{2A87A747-8896-4C9F-8729-85CF716C18B9}.Release|iPhoneSimulator.ActiveCfg = Release|iPhoneSimulator
		{2A87A747-8896-4C9F-8729-85CF716C18B9}.Release|iPhoneSimulator.Build.0 = Release|iPhoneSimulator
		{2A87A747-8896-4C9F-8729-85CF716C18B9}.Release|iPhoneSimulator.Deploy.0 = Release|iPhoneSimulator
		{1A9B038A-E669-4686-B431-C469AD50170E}.Ad-Hoc|Any CPU.ActiveCfg = Debug|Any CPU
		{1A9B038A-E669-4686-B431-C469AD50170E}.Ad-Hoc|Any CPU.Build.0 = Debug|Any CPU
		{1A9B038A-E669-4686-B431-C469AD50170E}.Ad-Hoc|Any CPU.Deploy.0 = Debug|Any CPU
		{1A9B038A-E669-4686-B431-C469AD50170E}.Ad-Hoc|iPhone.ActiveCfg = Debug|Any CPU
		{1A9B038A-E669-4686-B431-C469AD50170E}.Ad-Hoc|iPhone.Build.0 = Debug|Any CPU
		{1A9B038A-E669-4686-B431-C469AD50170E}.Ad-Hoc|iPhone.Deploy.0 = Debug|Any CPU
		{1A9B038A-E669-4686-B431-C469AD50170E}.Ad-Hoc|iPhoneSimulator.ActiveCfg = Debug|Any CPU
		{1A9B038A-E669-4686-B431-C469AD50170E}.Ad-Hoc|iPhoneSimulator.Build.0 = Debug|Any CPU
		{1A9B038A-E669-4686-B431-C469AD50170E}.Ad-Hoc|iPhoneSimulator.Deploy.0 = Debug|Any CPU
		{1A9B038A-E669-4686-B431-C469AD50170E}.AppStore|Any CPU.ActiveCfg = Debug|Any CPU
		{1A9B038A-E669-4686-B431-C469AD50170E}.AppStore|Any CPU.Build.0 = Debug|Any CPU
		{1A9B038A-E669-4686-B431-C469AD50170E}.AppStore|Any CPU.Deploy.0 = Debug|Any CPU
		{1A9B038A-E669-4686-B431-C469AD50170E}.AppStore|iPhone.ActiveCfg = Debug|Any CPU
		{1A9B038A-E669-4686-B431-C469AD50170E}.AppStore|iPhone.Build.0 = Debug|Any CPU
		{1A9B038A-E669-4686-B431-C469AD50170E}.AppStore|iPhone.Deploy.0 = Debug|Any CPU
		{1A9B038A-E669-4686-B431-C469AD50170E}.AppStore|iPhoneSimulator.ActiveCfg = Debug|Any CPU
		{1A9B038A-E669-4686-B431-C469AD50170E}.AppStore|iPhoneSimulator.Build.0 = Debug|Any CPU
		{1A9B038A-E669-4686-B431-C469AD50170E}.AppStore|iPhoneSimulator.Deploy.0 = Debug|Any CPU
		{1A9B038A-E669-4686-B431-C469AD50170E}.Debug|Any CPU.ActiveCfg = Debug|Any CPU
		{1A9B038A-E669-4686-B431-C469AD50170E}.Debug|Any CPU.Build.0 = Debug|Any CPU
		{1A9B038A-E669-4686-B431-C469AD50170E}.Debug|Any CPU.Deploy.0 = Debug|Any CPU
		{1A9B038A-E669-4686-B431-C469AD50170E}.Debug|iPhone.ActiveCfg = Debug|Any CPU
		{1A9B038A-E669-4686-B431-C469AD50170E}.Debug|iPhone.Build.0 = Debug|Any CPU
		{1A9B038A-E669-4686-B431-C469AD50170E}.Debug|iPhone.Deploy.0 = Debug|Any CPU
		{1A9B038A-E669-4686-B431-C469AD50170E}.Debug|iPhoneSimulator.ActiveCfg = Debug|Any CPU
		{1A9B038A-E669-4686-B431-C469AD50170E}.Debug|iPhoneSimulator.Build.0 = Debug|Any CPU
		{1A9B038A-E669-4686-B431-C469AD50170E}.Debug|iPhoneSimulator.Deploy.0 = Debug|Any CPU
		{1A9B038A-E669-4686-B431-C469AD50170E}.Release|Any CPU.ActiveCfg = Release|Any CPU
		{1A9B038A-E669-4686-B431-C469AD50170E}.Release|Any CPU.Build.0 = Release|Any CPU
		{1A9B038A-E669-4686-B431-C469AD50170E}.Release|Any CPU.Deploy.0 = Release|Any CPU
		{1A9B038A-E669-4686-B431-C469AD50170E}.Release|iPhone.ActiveCfg = Release|Any CPU
		{1A9B038A-E669-4686-B431-C469AD50170E}.Release|iPhone.Build.0 = Release|Any CPU
		{1A9B038A-E669-4686-B431-C469AD50170E}.Release|iPhone.Deploy.0 = Release|Any CPU
		{1A9B038A-E669-4686-B431-C469AD50170E}.Release|iPhoneSimulator.ActiveCfg = Release|Any CPU
		{1A9B038A-E669-4686-B431-C469AD50170E}.Release|iPhoneSimulator.Build.0 = Release|Any CPU
		{1A9B038A-E669-4686-B431-C469AD50170E}.Release|iPhoneSimulator.Deploy.0 = Release|Any CPU
	EndGlobalSection
	GlobalSection(SolutionProperties) = preSolution
		HideSolutionNode = FALSE
	EndGlobalSection
	GlobalSection(ExtensibilityGlobals) = postSolution
		SolutionGuid = {54EB1761-4ACC-4A26-BF1D-5D4173AA7BA7}
	EndGlobalSection
EndGlobal
